// !$*UTF8*$!
{
	archiveVersion = 1;
	classes = {
	};
	objectVersion = 46;
	objects = {

/* Begin PBXBuildFile section */
		98FBD6241F676C980000229E /* AppDelegate.swift in Sources */ = {isa = PBXBuildFile; fileRef = 98FBD6231F676C980000229E /* AppDelegate.swift */; };
		98FBD6261F676C980000229E /* ViewController.swift in Sources */ = {isa = PBXBuildFile; fileRef = 98FBD6251F676C980000229E /* ViewController.swift */; };
		98FBD6291F676C980000229E /* Main.storyboard in Resources */ = {isa = PBXBuildFile; fileRef = 98FBD6271F676C980000229E /* Main.storyboard */; };
		98FBD62B1F676C980000229E /* Assets.xcassets in Resources */ = {isa = PBXBuildFile; fileRef = 98FBD62A1F676C980000229E /* Assets.xcassets */; };
		98FBD62E1F676C980000229E /* LaunchScreen.storyboard in Resources */ = {isa = PBXBuildFile; fileRef = 98FBD62C1F676C980000229E /* LaunchScreen.storyboard */; };
/* End PBXBuildFile section */

/* Begin PBXFileReference section */
		98FBD6201F676C980000229E /* ColorMix.app */ = {isa = PBXFileReference; explicitFileType = wrapper.application; includeInIndex = 0; path = ColorMix.app; sourceTree = BUILT_PRODUCTS_DIR; };
		98FBD6231F676C980000229E /* AppDelegate.swift */ = {isa = PBXFileReference; lastKnownFileType = sourcecode.swift; path = AppDelegate.swift; sourceTree = "<group>"; };
		98FBD6251F676C980000229E /* ViewController.swift */ = {isa = PBXFileReference; lastKnownFileType = sourcecode.swift; path = ViewController.swift; sourceTree = "<group>"; };
		98FBD6281F676C980000229E /* Base */ = {isa = PBXFileReference; lastKnownFileType = file.storyboard; name = Base; path = Base.lproj/Main.storyboard; sourceTree = "<group>"; };
		98FBD62A1F676C980000229E /* Assets.xcassets */ = {isa = PBXFileReference; lastKnownFileType = folder.assetcatalog; path = Assets.xcassets; sourceTree = "<group>"; };
		98FBD62D1F676C980000229E /* Base */ = {isa = PBXFileReference; lastKnownFileType = file.storyboard; name = Base; path = Base.lproj/LaunchScreen.storyboard; sourceTree = "<group>"; };
		98FBD62F1F676C980000229E /* Info.plist */ = {isa = PBXFileReference; lastKnownFileType = text.plist.xml; path = Info.plist; sourceTree = "<group>"; };
/* End PBXFileReference section */

/* Begin PBXFrameworksBuildPhase section */
		98FBD61D1F676C980000229E /* Frameworks */ = {
			isa = PBXFrameworksBuildPhase;
			buildActionMask = 2147483647;
			files = (
			);
			runOnlyForDeploymentPostprocessing = 0;
		};
/* End PBXFrameworksBuildPhase section */

/* Begin PBXGroup section */
		98FBD6171F676C980000229E = {
			isa = PBXGroup;
			children = (
				98FBD6221F676C980000229E /* ColorMix */,
				98FBD6211F676C980000229E /* Products */,
			);
			sourceTree = "<group>";
		};
		98FBD6211F676C980000229E /* Products */ = {
			isa = PBXGroup;
			children = (
				98FBD6201F676C980000229E /* ColorMix.app */,
			);
			name = Products;
			sourceTree = "<group>";
		};
		98FBD6221F676C980000229E /* ColorMix */ = {
			isa = PBXGroup;
			children = (
				98FBD6231F676C980000229E /* AppDelegate.swift */,
				98FBD6251F676C980000229E /* ViewController.swift */,
				98FBD6271F676C980000229E /* Main.storyboard */,
				98FBD62A1F676C980000229E /* Assets.xcassets */,
				98FBD62C1F676C980000229E /* LaunchScreen.storyboard */,
				98FBD62F1F676C980000229E /* Info.plist */,
			);
			path = ColorMix;
			sourceTree = "<group>";
		};
/* End PBXGroup section */

/* Begin PBXNativeTarget section */
		98FBD61F1F676C980000229E /* ColorMix */ = {
			isa = PBXNativeTarget;
			buildConfigurationList = 98FBD6321F676C980000229E /* Build configuration list for PBXNativeTarget "ColorMix" */;
			buildPhases = (
				98FBD61C1F676C980000229E /* Sources */,
				98FBD61D1F676C980000229E /* Frameworks */,
				98FBD61E1F676C980000229E /* Resources */,
			);
			buildRules = (
			);
			dependencies = (
			);
			name = ColorMix;
			productName = ColorMix;
			productReference = 98FBD6201F676C980000229E /* ColorMix.app */;
			productType = "com.apple.product-type.application";
		};
/* End PBXNativeTarget section */

/* Begin PBXProject section */
		98FBD6181F676C980000229E /* Project object */ = {
			isa = PBXProject;
			attributes = {
				LastSwiftUpdateCheck = 0830;
				LastUpgradeCheck = 0830;
				ORGANIZATIONNAME = iBrent;
				TargetAttributes = {
					98FBD61F1F676C980000229E = {
						CreatedOnToolsVersion = 8.3.3;
						ProvisioningStyle = Automatic;
					};
				};
			};
			buildConfigurationList = 98FBD61B1F676C980000229E /* Build configuration list for PBXProject "ColorMix" */;
			compatibilityVersion = "Xcode 3.2";
			developmentRegion = English;
			hasScannedForEncodings = 0;
			knownRegions = (
				en,
				Base,
			);
			mainGroup = 98FBD6171F676C980000229E;
			productRefGroup = 98FBD6211F676C980000229E /* Products */;
			projectDirPath = "";
			projectRoot = "";
			targets = (
				98FBD61F1F676C980000229E /* ColorMix */,
			);
		};
/* End PBXProject section */

/* Begin PBXResourcesBuildPhase section */
		98FBD61E1F676C980000229E /* Resources */ = {
			isa = PBXResourcesBuildPhase;
			buildActionMask = 2147483647;
			files = (
				98FBD62E1F676C980000229E /* LaunchScreen.storyboard in Resources */,
				98FBD62B1F676C980000229E /* Assets.xcassets in Resources */,
				98FBD6291F676C980000229E /* Main.storyboard in Resources */,
			);
			runOnlyForDeploymentPostprocessing = 0;
		};
/* End PBXResourcesBuildPhase section */

/* Begin PBXSourcesBuildPhase section */
		98FBD61C1F676C980000229E /* Sources */ = {
			isa = PBXSourcesBuildPhase;
			buildActionMask = 2147483647;
			files = (
				98FBD6261F676C980000229E /* ViewController.swift in Sources */,
				98FBD6241F676C980000229E /* AppDelegate.swift in Sources */,
			);
			runOnlyForDeploymentPostprocessing = 0;
		};
/* End PBXSourcesBuildPhase section */

/* Begin PBXVariantGroup section */
		98FBD6271F676C980000229E /* Main.storyboard */ = {
			isa = PBXVariantGroup;
			children = (
				98FBD6281F676C980000229E /* Base */,
			);
			name = Main.storyboard;
			sourceTree = "<group>";
		};
		98FBD62C1F676C980000229E /* LaunchScreen.storyboard */ = {
			isa = PBXVariantGroup;
			children = (
				98FBD62D1F676C980000229E /* Base */,
			);
			name = LaunchScreen.storyboard;
			sourceTree = "<group>";
		};
/* End PBXVariantGroup section */

/* Begin XCBuildConfiguration section */
		98FBD6301F676C980000229E /* Debug */ = {
			isa = XCBuildConfiguration;
			buildSettings = {
				ALWAYS_SEARCH_USER_PATHS = NO;
				CLANG_ANALYZER_NONNULL = YES;
				CLANG_ANALYZER_NUMBER_OBJECT_CONVERSION = YES_AGGRESSIVE;
				CLANG_CXX_LANGUAGE_STANDARD = "gnu++0x";
				CLANG_CXX_LIBRARY = "libc++";
				CLANG_ENABLE_MODULES = YES;
				CLANG_ENABLE_OBJC_ARC = YES;
				CLANG_WARN_BOOL_CONVERSION = YES;
				CLANG_WARN_CONSTANT_CONVERSION = YES;
				CLANG_WARN_DIRECT_OBJC_ISA_USAGE = YES_ERROR;
				CLANG_WARN_DOCUMENTATION_COMMENTS = YES;
				CLANG_WARN_EMPTY_BODY = YES;
				CLANG_WARN_ENUM_CONVERSION = YES;
				CLANG_WARN_INFINITE_RECURSION = YES;
				CLANG_WARN_INT_CONVERSION = YES;
				CLANG_WARN_OBJC_ROOT_CLASS = YES_ERROR;
				CLANG_WARN_SUSPICIOUS_MOVE = YES;
				CLANG_WARN_UNREACHABLE_CODE = YES;
				CLANG_WARN__DUPLICATE_METHOD_MATCH = YES;
				"CODE_SIGN_IDENTITY[sdk=iphoneos*]" = "iPhone Developer";
				COPY_PHASE_STRIP = NO;
				DEBUG_INFORMATION_FORMAT = dwarf;
				ENABLE_STRICT_OBJC_MSGSEND = YES;
				ENABLE_TESTABILITY = YES;
				GCC_C_LANGUAGE_STANDARD = gnu99;
				GCC_DYNAMIC_NO_PIC = NO;
				GCC_NO_COMMON_BLOCKS = YES;
				GCC_OPTIMIZATION_LEVEL = 0;
				GCC_PREPROCESSOR_DEFINITIONS = (
					"DEBUG=1",
					"$(inherited)",
				);
				GCC_WARN_64_TO_32_BIT_CONVERSION = YES;
				GCC_WARN_ABOUT_RETURN_TYPE = YES_ERROR;
				GCC_WARN_UNDECLARED_SELECTOR = YES;
				GCC_WARN_UNINITIALIZED_AUTOS = YES_AGGRESSIVE;
				GCC_WARN_UNUSED_FUNCTION = YES;
				GCC_WARN_UNUSED_VARIABLE = YES;
				IPHONEOS_DEPLOYMENT_TARGET = 10.3;
				MTL_ENABLE_DEBUG_INFO = YES;
				ONLY_ACTIVE_ARCH = YES;
				SDKROOT = iphoneos;
				SWIFT_ACTIVE_COMPILATION_CONDITIONS = DEBUG;
				SWIFT_OPTIMIZATION_LEVEL = "-Onone";
				TARGETED_DEVICE_FAMILY = "1,2";
			};
			name = Debug;
		};
		98FBD6311F676C980000229E /* Release */ = {
			isa = XCBuildConfiguration;
			buildSettings = {
				ALWAYS_SEARCH_USER_PATHS = NO;
				CLANG_ANALYZER_NONNULL = YES;
				CLANG_ANALYZER_NUMBER_OBJECT_CONVERSION = YES_AGGRESSIVE;
				CLANG_CXX_LANGUAGE_STANDARD = "gnu++0x";
				CLANG_CXX_LIBRARY = "libc++";
				CLANG_ENABLE_MODULES = YES;
				CLANG_ENABLE_OBJC_ARC = YES;
				CLANG_WARN_BOOL_CONVERSION = YES;
				CLANG_WARN_CONSTANT_CONVERSION = YES;
				CLANG_WARN_DIRECT_OBJC_ISA_USAGE = YES_ERROR;
				CLANG_WARN_DOCUMENTATION_COMMENTS = YES;
				CLANG_WARN_EMPTY_BODY = YES;
				CLANG_WARN_ENUM_CONVERSION = YES;
				CLANG_WARN_INFINITE_RECURSION = YES;
				CLANG_WARN_INT_CONVERSION = YES;
				CLANG_WARN_OBJC_ROOT_CLASS = YES_ERROR;
				CLANG_WARN_SUSPICIOUS_MOVE = YES;
				CLANG_WARN_UNREACHABLE_CODE = YES;
				CLANG_WARN__DUPLICATE_METHOD_MATCH = YES;
				"CODE_SIGN_IDENTITY[sdk=iphoneos*]" = "iPhone Developer";
				COPY_PHASE_STRIP = NO;
				DEBUG_INFORMATION_FORMAT = "dwarf-with-dsym";
				ENABLE_NS_ASSERTIONS = NO;
				ENABLE_STRICT_OBJC_MSGSEND = YES;
				GCC_C_LANGUAGE_STANDARD = gnu99;
				GCC_NO_COMMON_BLOCKS = YES;
				GCC_WARN_64_TO_32_BIT_CONVERSION = YES;
				GCC_WARN_ABOUT_RETURN_TYPE = YES_ERROR;
				GCC_WARN_UNDECLARED_SELECTOR = YES;
				GCC_WARN_UNINITIALIZED_AUTOS = YES_AGGRESSIVE;
				GCC_WARN_UNUSED_FUNCTION = YES;
				GCC_WARN_UNUSED_VARIABLE = YES;
				IPHONEOS_DEPLOYMENT_TARGET = 10.3;
				MTL_ENABLE_DEBUG_INFO = NO;
				SDKROOT = iphoneos;
				SWIFT_OPTIMIZATION_LEVEL = "-Owholemodule";
				TARGETED_DEVICE_FAMILY = "1,2";
				VALIDATE_PRODUCT = YES;
			};
			name = Release;
		};
		98FBD6331F676C980000229E /* Debug */ = {
			isa = XCBuildConfiguration;
			buildSettings = {
				ASSETCATALOG_COMPILER_APPICON_NAME = AppIcon;
				INFOPLIST_FILE = ColorMix/Info.plist;
				LD_RUNPATH_SEARCH_PATHS = "$(inherited) @executable_path/Frameworks";
				PRODUCT_BUNDLE_IDENTIFIER = com.example.ColorMix;
				PRODUCT_NAME = "$(TARGET_NAME)";
				SWIFT_VERSION = 3.0;
			};
			name = Debug;
		};
		98FBD6341F676C980000229E /* Release */ = {
			isa = XCBuildConfiguration;
			buildSettings = {
				ASSETCATALOG_COMPILER_APPICON_NAME = AppIcon;
				INFOPLIST_FILE = ColorMix/Info.plist;
				LD_RUNPATH_SEARCH_PATHS = "$(inherited) @executable_path/Frameworks";
				PRODUCT_BUNDLE_IDENTIFIER = com.example.ColorMix;
				PRODUCT_NAME = "$(TARGET_NAME)";
				SWIFT_VERSION = 3.0;
			};
			name = Release;
		};
/* End XCBuildConfiguration section */

/* Begin XCConfigurationList section */
		98FBD61B1F676C980000229E /* Build configuration list for PBXProject "ColorMix" */ = {
			isa = XCConfigurationList;
			buildConfigurations = (
				98FBD6301F676C980000229E /* Debug */,
				98FBD6311F676C980000229E /* Release */,
			);
			defaultConfigurationIsVisible = 0;
			defaultConfigurationName = Release;
		};
		98FBD6321F676C980000229E /* Build configuration list for PBXNativeTarget "ColorMix" */ = {
			isa = XCConfigurationList;
			buildConfigurations = (
				98FBD6331F676C980000229E /* Debug */,
				98FBD6341F676C980000229E /* Release */,
			);
			defaultConfigurationIsVisible = 0;
		};
/* End XCConfigurationList section */
	};
	rootObject = 98FBD6181F676C980000229E /* Project object */;
}
